// !$*UTF8*$!
{
	archiveVersion = 1;
	classes = {
	};
	objectVersion = 46;
	objects = {

/* Begin PBXBuildFile section */
		0552F70201608093658384F4 /* libPods.a in Frameworks */ = {isa = PBXBuildFile; fileRef = C12E98B00774ED31D5AB2885 /* libPods.a */; };
		119F855E3870B7B65250C77D /* libPods-PeopleCRM.a in Frameworks */ = {isa = PBXBuildFile; fileRef = 575875B760230110959A8EAC /* libPods-PeopleCRM.a */; };
		43711FB7AB5E92B559C067EA /* libPods-PeopleCRMTests.a in Frameworks */ = {isa = PBXBuildFile; fileRef = 4688D38FFD3C200C528A9C49 /* libPods-PeopleCRMTests.a */; };
		62339D421AB362B100C89CC9 /* Twitter_API_Keys.plist in Resources */ = {isa = PBXBuildFile; fileRef = 62339D411AB362B100C89CC9 /* Twitter_API_Keys.plist */; };
		62339D451AB363E600C89CC9 /* TwitterClient.m in Sources */ = {isa = PBXBuildFile; fileRef = 62339D441AB363E600C89CC9 /* TwitterClient.m */; };
		626DDA2B1ABBBFDD005371FC /* Pods-PeopleCRM.debug.xcconfig in Resources */ = {isa = PBXBuildFile; fileRef = 626DDA291ABBBFDD005371FC /* Pods-PeopleCRM.debug.xcconfig */; };
		626DDA2C1ABBBFDD005371FC /* Pods-PeopleCRM.release.xcconfig in Resources */ = {isa = PBXBuildFile; fileRef = 626DDA2A1ABBBFDD005371FC /* Pods-PeopleCRM.release.xcconfig */; };
		626DDA311ABBC0C7005371FC /* PersonDetailViewModelTest.m in Sources */ = {isa = PBXBuildFile; fileRef = 626DDA301ABBC0C7005371FC /* PersonDetailViewModelTest.m */; };
		626DDA361ABBC2D7005371FC /* PersonAddingViewModelTest.m in Sources */ = {isa = PBXBuildFile; fileRef = 626DDA351ABBC2D7005371FC /* PersonAddingViewModelTest.m */; };
		62B707C01AAFD4730031A941 /* main.m in Sources */ = {isa = PBXBuildFile; fileRef = 62B707BF1AAFD4730031A941 /* main.m */; };
		62B707C31AAFD4730031A941 /* AppDelegate.m in Sources */ = {isa = PBXBuildFile; fileRef = 62B707C21AAFD4730031A941 /* AppDelegate.m */; };
		62B707C61AAFD4730031A941 /* ViewController.m in Sources */ = {isa = PBXBuildFile; fileRef = 62B707C51AAFD4730031A941 /* ViewController.m */; };
		62B707C91AAFD4730031A941 /* Main.storyboard in Resources */ = {isa = PBXBuildFile; fileRef = 62B707C71AAFD4730031A941 /* Main.storyboard */; };
		62B707CB1AAFD4730031A941 /* Images.xcassets in Resources */ = {isa = PBXBuildFile; fileRef = 62B707CA1AAFD4730031A941 /* Images.xcassets */; };
		62B707CE1AAFD4730031A941 /* LaunchScreen.xib in Resources */ = {isa = PBXBuildFile; fileRef = 62B707CC1AAFD4730031A941 /* LaunchScreen.xib */; };
		62B707DA1AAFD4730031A941 /* PeopleCRMTests.m in Sources */ = {isa = PBXBuildFile; fileRef = 62B707D91AAFD4730031A941 /* PeopleCRMTests.m */; };
		62B707E61AAFE9A10031A941 /* Person.m in Sources */ = {isa = PBXBuildFile; fileRef = 62B707E51AAFE9A10031A941 /* Person.m */; };
		62B707EE1AAFED690031A941 /* github_logo.png in Resources */ = {isa = PBXBuildFile; fileRef = 62B707EC1AAFED690031A941 /* github_logo.png */; };
		62B707EF1AAFED690031A941 /* twitter_logo.png in Resources */ = {isa = PBXBuildFile; fileRef = 62B707ED1AAFED690031A941 /* twitter_logo.png */; };
		62B707F11AAFEFE20031A941 /* avatar_placeholder.png in Resources */ = {isa = PBXBuildFile; fileRef = 62B707F01AAFEFE20031A941 /* avatar_placeholder.png */; };
		62B707F51AAFF1860031A941 /* ArrayCollectionViewDataSource.m in Sources */ = {isa = PBXBuildFile; fileRef = 62B707F41AAFF1860031A941 /* ArrayCollectionViewDataSource.m */; };
		62DF01BA1AB7CD6F00E3B6F0 /* PersonCollectionReusableView.m in Sources */ = {isa = PBXBuildFile; fileRef = 62DF01B21AB7CD6F00E3B6F0 /* PersonCollectionReusableView.m */; };
		62DF01BB1AB7CD6F00E3B6F0 /* PersonCollectionReusableView.xib in Resources */ = {isa = PBXBuildFile; fileRef = 62DF01B31AB7CD6F00E3B6F0 /* PersonCollectionReusableView.xib */; };
		62DF01BC1AB7CD6F00E3B6F0 /* PersonCollectionReusableViewModel.m in Sources */ = {isa = PBXBuildFile; fileRef = 62DF01B51AB7CD6F00E3B6F0 /* PersonCollectionReusableViewModel.m */; };
		62DF01BD1AB7CD6F00E3B6F0 /* PersonCollectionViewCellDetails.xib in Resources */ = {isa = PBXBuildFile; fileRef = 62DF01B71AB7CD6F00E3B6F0 /* PersonCollectionViewCellDetails.xib */; };
		62DF01BE1AB7CD6F00E3B6F0 /* PersonCollectionViewAdding.xib in Resources */ = {isa = PBXBuildFile; fileRef = 62DF01B91AB7CD6F00E3B6F0 /* PersonCollectionViewAdding.xib */; };
		62DF01C11AB7CDE600E3B6F0 /* PersonCollectionViewCellDetails.m in Sources */ = {isa = PBXBuildFile; fileRef = 62DF01C01AB7CDE600E3B6F0 /* PersonCollectionViewCellDetails.m */; };
		62DF01C41AB7CE7D00E3B6F0 /* PersonDetailViewModel.m in Sources */ = {isa = PBXBuildFile; fileRef = 62DF01C31AB7CE7D00E3B6F0 /* PersonDetailViewModel.m */; };
		62DF01C71AB7D16400E3B6F0 /* PersonAddingView.m in Sources */ = {isa = PBXBuildFile; fileRef = 62DF01C61AB7D16400E3B6F0 /* PersonAddingView.m */; };
		62DF01CA1AB7D18600E3B6F0 /* PersonAddingViewModel.m in Sources */ = {isa = PBXBuildFile; fileRef = 62DF01C91AB7D18600E3B6F0 /* PersonAddingViewModel.m */; };
/* End PBXBuildFile section */

/* Begin PBXContainerItemProxy section */
		62B707D41AAFD4730031A941 /* PBXContainerItemProxy */ = {
			isa = PBXContainerItemProxy;
			containerPortal = 62B707B21AAFD4730031A941 /* Project object */;
			proxyType = 1;
			remoteGlobalIDString = 62B707B91AAFD4730031A941;
			remoteInfo = PeopleCRM;
		};
/* End PBXContainerItemProxy section */

/* Begin PBXFileReference section */
		4688D38FFD3C200C528A9C49 /* libPods-PeopleCRMTests.a */ = {isa = PBXFileReference; explicitFileType = archive.ar; includeInIndex = 0; path = "libPods-PeopleCRMTests.a"; sourceTree = BUILT_PRODUCTS_DIR; };
		575875B760230110959A8EAC /* libPods-PeopleCRM.a */ = {isa = PBXFileReference; explicitFileType = archive.ar; includeInIndex = 0; path = "libPods-PeopleCRM.a"; sourceTree = BUILT_PRODUCTS_DIR; };
		5CCCF129913E89D21A4B4495 /* Pods-PeopleCRMTests.release.xcconfig */ = {isa = PBXFileReference; includeInIndex = 1; lastKnownFileType = text.xcconfig; name = "Pods-PeopleCRMTests.release.xcconfig"; path = "Pods/Target Support Files/Pods-PeopleCRMTests/Pods-PeopleCRMTests.release.xcconfig"; sourceTree = "<group>"; };
		62339D411AB362B100C89CC9 /* Twitter_API_Keys.plist */ = {isa = PBXFileReference; fileEncoding = 4; lastKnownFileType = text.plist.xml; path = Twitter_API_Keys.plist; sourceTree = "<group>"; };
		62339D431AB363E600C89CC9 /* TwitterClient.h */ = {isa = PBXFileReference; fileEncoding = 4; lastKnownFileType = sourcecode.c.h; path = TwitterClient.h; sourceTree = "<group>"; };
		62339D441AB363E600C89CC9 /* TwitterClient.m */ = {isa = PBXFileReference; fileEncoding = 4; lastKnownFileType = sourcecode.c.objc; path = TwitterClient.m; sourceTree = "<group>"; };
		626DDA291ABBBFDD005371FC /* Pods-PeopleCRM.debug.xcconfig */ = {isa = PBXFileReference; fileEncoding = 4; lastKnownFileType = text.xcconfig; name = "Pods-PeopleCRM.debug.xcconfig"; path = "Pods/Target Support Files/Pods-PeopleCRM/Pods-PeopleCRM.debug.xcconfig"; sourceTree = "<group>"; };
		626DDA2A1ABBBFDD005371FC /* Pods-PeopleCRM.release.xcconfig */ = {isa = PBXFileReference; fileEncoding = 4; lastKnownFileType = text.xcconfig; name = "Pods-PeopleCRM.release.xcconfig"; path = "Pods/Target Support Files/Pods-PeopleCRM/Pods-PeopleCRM.release.xcconfig"; sourceTree = "<group>"; };
		626DDA301ABBC0C7005371FC /* PersonDetailViewModelTest.m */ = {isa = PBXFileReference; fileEncoding = 4; lastKnownFileType = sourcecode.c.objc; path = PersonDetailViewModelTest.m; sourceTree = "<group>"; };
		626DDA351ABBC2D7005371FC /* PersonAddingViewModelTest.m */ = {isa = PBXFileReference; fileEncoding = 4; lastKnownFileType = sourcecode.c.objc; path = PersonAddingViewModelTest.m; sourceTree = "<group>"; };
		62B707BA1AAFD4730031A941 /* PeopleCRM.app */ = {isa = PBXFileReference; explicitFileType = wrapper.application; includeInIndex = 0; path = PeopleCRM.app; sourceTree = BUILT_PRODUCTS_DIR; };
		62B707BE1AAFD4730031A941 /* Info.plist */ = {isa = PBXFileReference; lastKnownFileType = text.plist.xml; path = Info.plist; sourceTree = "<group>"; };
		62B707BF1AAFD4730031A941 /* main.m */ = {isa = PBXFileReference; lastKnownFileType = sourcecode.c.objc; path = main.m; sourceTree = "<group>"; };
		62B707C11AAFD4730031A941 /* AppDelegate.h */ = {isa = PBXFileReference; lastKnownFileType = sourcecode.c.h; path = AppDelegate.h; sourceTree = "<group>"; };
		62B707C21AAFD4730031A941 /* AppDelegate.m */ = {isa = PBXFileReference; lastKnownFileType = sourcecode.c.objc; path = AppDelegate.m; sourceTree = "<group>"; };
		62B707C41AAFD4730031A941 /* ViewController.h */ = {isa = PBXFileReference; lastKnownFileType = sourcecode.c.h; path = ViewController.h; sourceTree = "<group>"; };
		62B707C51AAFD4730031A941 /* ViewController.m */ = {isa = PBXFileReference; lastKnownFileType = sourcecode.c.objc; path = ViewController.m; sourceTree = "<group>"; };
		62B707C81AAFD4730031A941 /* Base */ = {isa = PBXFileReference; lastKnownFileType = file.storyboard; name = Base; path = Base.lproj/Main.storyboard; sourceTree = "<group>"; };
		62B707CA1AAFD4730031A941 /* Images.xcassets */ = {isa = PBXFileReference; lastKnownFileType = folder.assetcatalog; path = Images.xcassets; sourceTree = "<group>"; };
		62B707CD1AAFD4730031A941 /* Base */ = {isa = PBXFileReference; lastKnownFileType = file.xib; name = Base; path = Base.lproj/LaunchScreen.xib; sourceTree = "<group>"; };
		62B707D31AAFD4730031A941 /* PeopleCRMTests.xctest */ = {isa = PBXFileReference; explicitFileType = wrapper.cfbundle; includeInIndex = 0; path = PeopleCRMTests.xctest; sourceTree = BUILT_PRODUCTS_DIR; };
		62B707D81AAFD4730031A941 /* Info.plist */ = {isa = PBXFileReference; lastKnownFileType = text.plist.xml; path = Info.plist; sourceTree = "<group>"; };
		62B707D91AAFD4730031A941 /* PeopleCRMTests.m */ = {isa = PBXFileReference; lastKnownFileType = sourcecode.c.objc; path = PeopleCRMTests.m; sourceTree = "<group>"; };
		62B707E41AAFE9A10031A941 /* Person.h */ = {isa = PBXFileReference; fileEncoding = 4; lastKnownFileType = sourcecode.c.h; path = Person.h; sourceTree = "<group>"; };
		62B707E51AAFE9A10031A941 /* Person.m */ = {isa = PBXFileReference; fileEncoding = 4; lastKnownFileType = sourcecode.c.objc; path = Person.m; sourceTree = "<group>"; };
		62B707EC1AAFED690031A941 /* github_logo.png */ = {isa = PBXFileReference; lastKnownFileType = image.png; path = github_logo.png; sourceTree = "<group>"; };
		62B707ED1AAFED690031A941 /* twitter_logo.png */ = {isa = PBXFileReference; lastKnownFileType = image.png; path = twitter_logo.png; sourceTree = "<group>"; };
		62B707F01AAFEFE20031A941 /* avatar_placeholder.png */ = {isa = PBXFileReference; lastKnownFileType = image.png; path = avatar_placeholder.png; sourceTree = "<group>"; };
		62B707F31AAFF1860031A941 /* ArrayCollectionViewDataSource.h */ = {isa = PBXFileReference; fileEncoding = 4; lastKnownFileType = sourcecode.c.h; path = ArrayCollectionViewDataSource.h; sourceTree = "<group>"; };
		62B707F41AAFF1860031A941 /* ArrayCollectionViewDataSource.m */ = {isa = PBXFileReference; fileEncoding = 4; lastKnownFileType = sourcecode.c.objc; path = ArrayCollectionViewDataSource.m; sourceTree = "<group>"; };
		62DF01B11AB7CD6F00E3B6F0 /* PersonCollectionReusableView.h */ = {isa = PBXFileReference; fileEncoding = 4; lastKnownFileType = sourcecode.c.h; path = PersonCollectionReusableView.h; sourceTree = "<group>"; };
		62DF01B21AB7CD6F00E3B6F0 /* PersonCollectionReusableView.m */ = {isa = PBXFileReference; fileEncoding = 4; lastKnownFileType = sourcecode.c.objc; path = PersonCollectionReusableView.m; sourceTree = "<group>"; };
		62DF01B31AB7CD6F00E3B6F0 /* PersonCollectionReusableView.xib */ = {isa = PBXFileReference; fileEncoding = 4; lastKnownFileType = file.xib; path = PersonCollectionReusableView.xib; sourceTree = "<group>"; };
		62DF01B41AB7CD6F00E3B6F0 /* PersonCollectionReusableViewModel.h */ = {isa = PBXFileReference; fileEncoding = 4; lastKnownFileType = sourcecode.c.h; path = PersonCollectionReusableViewModel.h; sourceTree = "<group>"; };
		62DF01B51AB7CD6F00E3B6F0 /* PersonCollectionReusableViewModel.m */ = {isa = PBXFileReference; fileEncoding = 4; lastKnownFileType = sourcecode.c.objc; path = PersonCollectionReusableViewModel.m; sourceTree = "<group>"; };
		62DF01B71AB7CD6F00E3B6F0 /* PersonCollectionViewCellDetails.xib */ = {isa = PBXFileReference; fileEncoding = 4; lastKnownFileType = file.xib; path = PersonCollectionViewCellDetails.xib; sourceTree = "<group>"; };
		62DF01B91AB7CD6F00E3B6F0 /* PersonCollectionViewAdding.xib */ = {isa = PBXFileReference; fileEncoding = 4; lastKnownFileType = file.xib; path = PersonCollectionViewAdding.xib; sourceTree = "<group>"; };
		62DF01BF1AB7CDE600E3B6F0 /* PersonCollectionViewCellDetails.h */ = {isa = PBXFileReference; fileEncoding = 4; lastKnownFileType = sourcecode.c.h; path = PersonCollectionViewCellDetails.h; sourceTree = "<group>"; };
		62DF01C01AB7CDE600E3B6F0 /* PersonCollectionViewCellDetails.m */ = {isa = PBXFileReference; fileEncoding = 4; lastKnownFileType = sourcecode.c.objc; path = PersonCollectionViewCellDetails.m; sourceTree = "<group>"; };
		62DF01C21AB7CE7D00E3B6F0 /* PersonDetailViewModel.h */ = {isa = PBXFileReference; fileEncoding = 4; lastKnownFileType = sourcecode.c.h; path = PersonDetailViewModel.h; sourceTree = "<group>"; };
		62DF01C31AB7CE7D00E3B6F0 /* PersonDetailViewModel.m */ = {isa = PBXFileReference; fileEncoding = 4; lastKnownFileType = sourcecode.c.objc; path = PersonDetailViewModel.m; sourceTree = "<group>"; };
		62DF01C51AB7D16400E3B6F0 /* PersonAddingView.h */ = {isa = PBXFileReference; fileEncoding = 4; lastKnownFileType = sourcecode.c.h; path = PersonAddingView.h; sourceTree = "<group>"; };
		62DF01C61AB7D16400E3B6F0 /* PersonAddingView.m */ = {isa = PBXFileReference; fileEncoding = 4; lastKnownFileType = sourcecode.c.objc; path = PersonAddingView.m; sourceTree = "<group>"; };
		62DF01C81AB7D18600E3B6F0 /* PersonAddingViewModel.h */ = {isa = PBXFileReference; fileEncoding = 4; lastKnownFileType = sourcecode.c.h; path = PersonAddingViewModel.h; sourceTree = "<group>"; };
		62DF01C91AB7D18600E3B6F0 /* PersonAddingViewModel.m */ = {isa = PBXFileReference; fileEncoding = 4; lastKnownFileType = sourcecode.c.objc; path = PersonAddingViewModel.m; sourceTree = "<group>"; };
		9CECD66D813B5C7B97B33CE2 /* Pods-PeopleCRMTests.debug.xcconfig */ = {isa = PBXFileReference; includeInIndex = 1; lastKnownFileType = text.xcconfig; name = "Pods-PeopleCRMTests.debug.xcconfig"; path = "Pods/Target Support Files/Pods-PeopleCRMTests/Pods-PeopleCRMTests.debug.xcconfig"; sourceTree = "<group>"; };
		C12E98B00774ED31D5AB2885 /* libPods.a */ = {isa = PBXFileReference; explicitFileType = archive.ar; includeInIndex = 0; path = libPods.a; sourceTree = BUILT_PRODUCTS_DIR; };
/* End PBXFileReference section */

/* Begin PBXFrameworksBuildPhase section */
		62B707B71AAFD4730031A941 /* Frameworks */ = {
			isa = PBXFrameworksBuildPhase;
			buildActionMask = 2147483647;
			files = (
				0552F70201608093658384F4 /* libPods.a in Frameworks */,
				119F855E3870B7B65250C77D /* libPods-PeopleCRM.a in Frameworks */,
			);
			runOnlyForDeploymentPostprocessing = 0;
		};
		62B707D01AAFD4730031A941 /* Frameworks */ = {
			isa = PBXFrameworksBuildPhase;
			buildActionMask = 2147483647;
			files = (
				43711FB7AB5E92B559C067EA /* libPods-PeopleCRMTests.a in Frameworks */,
			);
			runOnlyForDeploymentPostprocessing = 0;
		};
/* End PBXFrameworksBuildPhase section */

/* Begin PBXGroup section */
		2A1FA1D24015F32953882849 /* Frameworks */ = {
			isa = PBXGroup;
			children = (
				C12E98B00774ED31D5AB2885 /* libPods.a */,
				575875B760230110959A8EAC /* libPods-PeopleCRM.a */,
				4688D38FFD3C200C528A9C49 /* libPods-PeopleCRMTests.a */,
			);
			name = Frameworks;
			sourceTree = "<group>";
		};
		62339D3F1AB3624C00C89CC9 /* Webservices */ = {
			isa = PBXGroup;
			children = (
				62339D401AB3629700C89CC9 /* Keys */,
				62339D431AB363E600C89CC9 /* TwitterClient.h */,
				62339D441AB363E600C89CC9 /* TwitterClient.m */,
			);
			path = Webservices;
			sourceTree = "<group>";
		};
		62339D401AB3629700C89CC9 /* Keys */ = {
			isa = PBXGroup;
			children = (
				62339D411AB362B100C89CC9 /* Twitter_API_Keys.plist */,
			);
			path = Keys;
			sourceTree = "<group>";
		};
		626DDA2D1ABBC043005371FC /* Views */ = {
			isa = PBXGroup;
			children = (
				626DDA2E1ABBC043005371FC /* PersonCollectionViewCell */,
			);
			path = Views;
			sourceTree = "<group>";
		};
		626DDA2E1ABBC043005371FC /* PersonCollectionViewCell */ = {
			isa = PBXGroup;
			children = (
				626DDA341ABBC2D7005371FC /* PersonAddingView */,
				626DDA2F1ABBC043005371FC /* PersonDetailView */,
			);
			path = PersonCollectionViewCell;
			sourceTree = "<group>";
		};
		626DDA2F1ABBC043005371FC /* PersonDetailView */ = {
			isa = PBXGroup;
			children = (
				626DDA301ABBC0C7005371FC /* PersonDetailViewModelTest.m */,
			);
			path = PersonDetailView;
			sourceTree = "<group>";
		};
		626DDA341ABBC2D7005371FC /* PersonAddingView */ = {
			isa = PBXGroup;
			children = (
				626DDA351ABBC2D7005371FC /* PersonAddingViewModelTest.m */,
			);
			path = PersonAddingView;
			sourceTree = "<group>";
		};
		62B707B11AAFD4730031A941 = {
			isa = PBXGroup;
			children = (
				62B707EB1AAFED690031A941 /* Assets */,
				62B707BC1AAFD4730031A941 /* PeopleCRM */,
				62B707D61AAFD4730031A941 /* PeopleCRMTests */,
				62B707BB1AAFD4730031A941 /* Products */,
				DB7529FF25907ABDE2BD1E1A /* Pods */,
				2A1FA1D24015F32953882849 /* Frameworks */,
			);
			sourceTree = "<group>";
		};
		62B707BB1AAFD4730031A941 /* Products */ = {
			isa = PBXGroup;
			children = (
				62B707BA1AAFD4730031A941 /* PeopleCRM.app */,
				62B707D31AAFD4730031A941 /* PeopleCRMTests.xctest */,
			);
			name = Products;
			sourceTree = "<group>";
		};
		62B707BC1AAFD4730031A941 /* PeopleCRM */ = {
			isa = PBXGroup;
			children = (
				62339D3F1AB3624C00C89CC9 /* Webservices */,
				62B707F21AAFF0FB0031A941 /* Components */,
				62B707E71AAFEB3A0031A941 /* Views */,
				62B707E31AAFE9910031A941 /* Models */,
				62B707C11AAFD4730031A941 /* AppDelegate.h */,
				62B707C21AAFD4730031A941 /* AppDelegate.m */,
				62B707C41AAFD4730031A941 /* ViewController.h */,
				62B707C51AAFD4730031A941 /* ViewController.m */,
				62B707C71AAFD4730031A941 /* Main.storyboard */,
				62B707CA1AAFD4730031A941 /* Images.xcassets */,
				62B707CC1AAFD4730031A941 /* LaunchScreen.xib */,
				62B707BD1AAFD4730031A941 /* Supporting Files */,
			);
			path = PeopleCRM;
			sourceTree = "<group>";
		};
		62B707BD1AAFD4730031A941 /* Supporting Files */ = {
			isa = PBXGroup;
			children = (
				62B707BE1AAFD4730031A941 /* Info.plist */,
				62B707BF1AAFD4730031A941 /* main.m */,
			);
			name = "Supporting Files";
			sourceTree = "<group>";
		};
		62B707D61AAFD4730031A941 /* PeopleCRMTests */ = {
			isa = PBXGroup;
			children = (
				626DDA2D1ABBC043005371FC /* Views */,
				62B707D91AAFD4730031A941 /* PeopleCRMTests.m */,
				62B707D71AAFD4730031A941 /* Supporting Files */,
			);
			path = PeopleCRMTests;
			sourceTree = "<group>";
		};
		62B707D71AAFD4730031A941 /* Supporting Files */ = {
			isa = PBXGroup;
			children = (
				62B707D81AAFD4730031A941 /* Info.plist */,
			);
			name = "Supporting Files";
			sourceTree = "<group>";
		};
		62B707E31AAFE9910031A941 /* Models */ = {
			isa = PBXGroup;
			children = (
				62B707E41AAFE9A10031A941 /* Person.h */,
				62B707E51AAFE9A10031A941 /* Person.m */,
			);
			path = Models;
			sourceTree = "<group>";
		};
		62B707E71AAFEB3A0031A941 /* Views */ = {
			isa = PBXGroup;
			children = (
				62B707E81AAFEB3A0031A941 /* PersonCollectionViewCell */,
			);
			path = Views;
			sourceTree = "<group>";
		};
		62B707E81AAFEB3A0031A941 /* PersonCollectionViewCell */ = {
			isa = PBXGroup;
			children = (
				62DF01B01AB7CD6F00E3B6F0 /* PersonContainerView */,
				62DF01B61AB7CD6F00E3B6F0 /* PersonDetailView */,
				62DF01B81AB7CD6F00E3B6F0 /* PersonAddingView */,
			);
			path = PersonCollectionViewCell;
			sourceTree = "<group>";
		};
		62B707EB1AAFED690031A941 /* Assets */ = {
			isa = PBXGroup;
			children = (
				62B707F01AAFEFE20031A941 /* avatar_placeholder.png */,
				62B707EC1AAFED690031A941 /* github_logo.png */,
				62B707ED1AAFED690031A941 /* twitter_logo.png */,
			);
			path = Assets;
			sourceTree = "<group>";
		};
		62B707F21AAFF0FB0031A941 /* Components */ = {
			isa = PBXGroup;
			children = (
				62B707F31AAFF1860031A941 /* ArrayCollectionViewDataSource.h */,
				62B707F41AAFF1860031A941 /* ArrayCollectionViewDataSource.m */,
			);
			path = Components;
			sourceTree = "<group>";
		};
		62DF01B01AB7CD6F00E3B6F0 /* PersonContainerView */ = {
			isa = PBXGroup;
			children = (
				62DF01B11AB7CD6F00E3B6F0 /* PersonCollectionReusableView.h */,
				62DF01B21AB7CD6F00E3B6F0 /* PersonCollectionReusableView.m */,
				62DF01B31AB7CD6F00E3B6F0 /* PersonCollectionReusableView.xib */,
				62DF01B41AB7CD6F00E3B6F0 /* PersonCollectionReusableViewModel.h */,
				62DF01B51AB7CD6F00E3B6F0 /* PersonCollectionReusableViewModel.m */,
			);
			path = PersonContainerView;
			sourceTree = "<group>";
		};
		62DF01B61AB7CD6F00E3B6F0 /* PersonDetailView */ = {
			isa = PBXGroup;
			children = (
				62DF01B71AB7CD6F00E3B6F0 /* PersonCollectionViewCellDetails.xib */,
				62DF01BF1AB7CDE600E3B6F0 /* PersonCollectionViewCellDetails.h */,
				62DF01C01AB7CDE600E3B6F0 /* PersonCollectionViewCellDetails.m */,
				62DF01C21AB7CE7D00E3B6F0 /* PersonDetailViewModel.h */,
				62DF01C31AB7CE7D00E3B6F0 /* PersonDetailViewModel.m */,
			);
			path = PersonDetailView;
			sourceTree = "<group>";
		};
		62DF01B81AB7CD6F00E3B6F0 /* PersonAddingView */ = {
			isa = PBXGroup;
			children = (
				62DF01B91AB7CD6F00E3B6F0 /* PersonCollectionViewAdding.xib */,
				62DF01C51AB7D16400E3B6F0 /* PersonAddingView.h */,
				62DF01C61AB7D16400E3B6F0 /* PersonAddingView.m */,
				62DF01C81AB7D18600E3B6F0 /* PersonAddingViewModel.h */,
				62DF01C91AB7D18600E3B6F0 /* PersonAddingViewModel.m */,
			);
			path = PersonAddingView;
			sourceTree = "<group>";
		};
		DB7529FF25907ABDE2BD1E1A /* Pods */ = {
			isa = PBXGroup;
			children = (
				626DDA291ABBBFDD005371FC /* Pods-PeopleCRM.debug.xcconfig */,
				626DDA2A1ABBBFDD005371FC /* Pods-PeopleCRM.release.xcconfig */,
				9CECD66D813B5C7B97B33CE2 /* Pods-PeopleCRMTests.debug.xcconfig */,
				5CCCF129913E89D21A4B4495 /* Pods-PeopleCRMTests.release.xcconfig */,
			);
			name = Pods;
			sourceTree = "<group>";
		};
/* End PBXGroup section */

/* Begin PBXNativeTarget section */
		62B707B91AAFD4730031A941 /* PeopleCRM */ = {
			isa = PBXNativeTarget;
			buildConfigurationList = 62B707DD1AAFD4730031A941 /* Build configuration list for PBXNativeTarget "PeopleCRM" */;
			buildPhases = (
				3ECD9C168080B176ECC1DAEF /* Check Pods Manifest.lock */,
				62B707B61AAFD4730031A941 /* Sources */,
				62B707B71AAFD4730031A941 /* Frameworks */,
				62B707B81AAFD4730031A941 /* Resources */,
				9FE653F8A194FF6EF0BEA2D2 /* Copy Pods Resources */,
			);
			buildRules = (
			);
			dependencies = (
			);
			name = PeopleCRM;
			productName = PeopleCRM;
			productReference = 62B707BA1AAFD4730031A941 /* PeopleCRM.app */;
			productType = "com.apple.product-type.application";
		};
		62B707D21AAFD4730031A941 /* PeopleCRMTests */ = {
			isa = PBXNativeTarget;
			buildConfigurationList = 62B707E01AAFD4730031A941 /* Build configuration list for PBXNativeTarget "PeopleCRMTests" */;
			buildPhases = (
				E8A1822AEC04EACFB3366206 /* Check Pods Manifest.lock */,
				62B707CF1AAFD4730031A941 /* Sources */,
				62B707D01AAFD4730031A941 /* Frameworks */,
				62B707D11AAFD4730031A941 /* Resources */,
				C6D1FC1130148ACA4F0F23E6 /* Copy Pods Resources */,
			);
			buildRules = (
			);
			dependencies = (
				62B707D51AAFD4730031A941 /* PBXTargetDependency */,
			);
			name = PeopleCRMTests;
			productName = PeopleCRMTests;
			productReference = 62B707D31AAFD4730031A941 /* PeopleCRMTests.xctest */;
			productType = "com.apple.product-type.bundle.unit-test";
		};
/* End PBXNativeTarget section */

/* Begin PBXProject section */
		62B707B21AAFD4730031A941 /* Project object */ = {
			isa = PBXProject;
			attributes = {
				LastUpgradeCheck = 0630;
				ORGANIZATIONNAME = "Benjamin Encz";
				TargetAttributes = {
					62B707B91AAFD4730031A941 = {
						CreatedOnToolsVersion = 6.3;
					};
					62B707D21AAFD4730031A941 = {
						CreatedOnToolsVersion = 6.3;
						TestTargetID = 62B707B91AAFD4730031A941;
					};
				};
			};
			buildConfigurationList = 62B707B51AAFD4730031A941 /* Build configuration list for PBXProject "PeopleCRM" */;
			compatibilityVersion = "Xcode 3.2";
			developmentRegion = English;
			hasScannedForEncodings = 0;
			knownRegions = (
				en,
				Base,
			);
			mainGroup = 62B707B11AAFD4730031A941;
			productRefGroup = 62B707BB1AAFD4730031A941 /* Products */;
			projectDirPath = "";
			projectRoot = "";
			targets = (
				62B707B91AAFD4730031A941 /* PeopleCRM */,
				62B707D21AAFD4730031A941 /* PeopleCRMTests */,
			);
		};
/* End PBXProject section */

/* Begin PBXResourcesBuildPhase section */
		62B707B81AAFD4730031A941 /* Resources */ = {
			isa = PBXResourcesBuildPhase;
			buildActionMask = 2147483647;
			files = (
				62B707EF1AAFED690031A941 /* twitter_logo.png in Resources */,
				626DDA2B1ABBBFDD005371FC /* Pods-PeopleCRM.debug.xcconfig in Resources */,
				62B707EE1AAFED690031A941 /* github_logo.png in Resources */,
				62DF01BE1AB7CD6F00E3B6F0 /* PersonCollectionViewAdding.xib in Resources */,
				62B707C91AAFD4730031A941 /* Main.storyboard in Resources */,
				62B707CE1AAFD4730031A941 /* LaunchScreen.xib in Resources */,
				62DF01BB1AB7CD6F00E3B6F0 /* PersonCollectionReusableView.xib in Resources */,
				626DDA2C1ABBBFDD005371FC /* Pods-PeopleCRM.release.xcconfig in Resources */,
				62B707CB1AAFD4730031A941 /* Images.xcassets in Resources */,
				62B707F11AAFEFE20031A941 /* avatar_placeholder.png in Resources */,
				62339D421AB362B100C89CC9 /* Twitter_API_Keys.plist in Resources */,
				62DF01BD1AB7CD6F00E3B6F0 /* PersonCollectionViewCellDetails.xib in Resources */,
			);
			runOnlyForDeploymentPostprocessing = 0;
		};
		62B707D11AAFD4730031A941 /* Resources */ = {
			isa = PBXResourcesBuildPhase;
			buildActionMask = 2147483647;
			files = (
			);
			runOnlyForDeploymentPostprocessing = 0;
		};
/* End PBXResourcesBuildPhase section */

/* Begin PBXShellScriptBuildPhase section */
		3ECD9C168080B176ECC1DAEF /* Check Pods Manifest.lock */ = {
			isa = PBXShellScriptBuildPhase;
			buildActionMask = 2147483647;
			files = (
			);
			inputPaths = (
			);
			name = "Check Pods Manifest.lock";
			outputPaths = (
			);
			runOnlyForDeploymentPostprocessing = 0;
			shellPath = /bin/sh;
			shellScript = "diff \"${PODS_ROOT}/../Podfile.lock\" \"${PODS_ROOT}/Manifest.lock\" > /dev/null\nif [[ $? != 0 ]] ; then\n    cat << EOM\nerror: The sandbox is not in sync with the Podfile.lock. Run 'pod install' or update your CocoaPods installation.\nEOM\n    exit 1\nfi\n";
			showEnvVarsInLog = 0;
		};
		9FE653F8A194FF6EF0BEA2D2 /* Copy Pods Resources */ = {
			isa = PBXShellScriptBuildPhase;
			buildActionMask = 2147483647;
			files = (
			);
			inputPaths = (
			);
			name = "Copy Pods Resources";
			outputPaths = (
			);
			runOnlyForDeploymentPostprocessing = 0;
			shellPath = /bin/sh;
			shellScript = "\"${SRCROOT}/Pods/Target Support Files/Pods-PeopleCRM/Pods-PeopleCRM-resources.sh\"\n";
			showEnvVarsInLog = 0;
		};
		C6D1FC1130148ACA4F0F23E6 /* Copy Pods Resources */ = {
			isa = PBXShellScriptBuildPhase;
			buildActionMask = 2147483647;
			files = (
			);
			inputPaths = (
			);
			name = "Copy Pods Resources";
			outputPaths = (
			);
			runOnlyForDeploymentPostprocessing = 0;
			shellPath = /bin/sh;
			shellScript = "\"${SRCROOT}/Pods/Target Support Files/Pods-PeopleCRMTests/Pods-PeopleCRMTests-resources.sh\"\n";
			showEnvVarsInLog = 0;
		};
		E8A1822AEC04EACFB3366206 /* Check Pods Manifest.lock */ = {
			isa = PBXShellScriptBuildPhase;
			buildActionMask = 2147483647;
			files = (
			);
			inputPaths = (
			);
			name = "Check Pods Manifest.lock";
			outputPaths = (
			);
			runOnlyForDeploymentPostprocessing = 0;
			shellPath = /bin/sh;
			shellScript = "diff \"${PODS_ROOT}/../Podfile.lock\" \"${PODS_ROOT}/Manifest.lock\" > /dev/null\nif [[ $? != 0 ]] ; then\n    cat << EOM\nerror: The sandbox is not in sync with the Podfile.lock. Run 'pod install' or update your CocoaPods installation.\nEOM\n    exit 1\nfi\n";
			showEnvVarsInLog = 0;
		};
/* End PBXShellScriptBuildPhase section */

/* Begin PBXSourcesBuildPhase section */
		62B707B61AAFD4730031A941 /* Sources */ = {
			isa = PBXSourcesBuildPhase;
			buildActionMask = 2147483647;
			files = (
				62DF01CA1AB7D18600E3B6F0 /* PersonAddingViewModel.m in Sources */,
				62DF01C41AB7CE7D00E3B6F0 /* PersonDetailViewModel.m in Sources */,
				62DF01BC1AB7CD6F00E3B6F0 /* PersonCollectionReusableViewModel.m in Sources */,
				62B707C61AAFD4730031A941 /* ViewController.m in Sources */,
				62B707C31AAFD4730031A941 /* AppDelegate.m in Sources */,
				62DF01C71AB7D16400E3B6F0 /* PersonAddingView.m in Sources */,
				62339D451AB363E600C89CC9 /* TwitterClient.m in Sources */,
				62DF01C11AB7CDE600E3B6F0 /* PersonCollectionViewCellDetails.m in Sources */,
				62B707E61AAFE9A10031A941 /* Person.m in Sources */,
				62B707F51AAFF1860031A941 /* ArrayCollectionViewDataSource.m in Sources */,
				62DF01BA1AB7CD6F00E3B6F0 /* PersonCollectionReusableView.m in Sources */,
				62B707C01AAFD4730031A941 /* main.m in Sources */,
			);
			runOnlyForDeploymentPostprocessing = 0;
		};
		62B707CF1AAFD4730031A941 /* Sources */ = {
			isa = PBXSourcesBuildPhase;
			buildActionMask = 2147483647;
			files = (
				626DDA311ABBC0C7005371FC /* PersonDetailViewModelTest.m in Sources */,
				62B707DA1AAFD4730031A941 /* PeopleCRMTests.m in Sources */,
				626DDA361ABBC2D7005371FC /* PersonAddingViewModelTest.m in Sources */,
			);
			runOnlyForDeploymentPostprocessing = 0;
		};
/* End PBXSourcesBuildPhase section */

/* Begin PBXTargetDependency section */
		62B707D51AAFD4730031A941 /* PBXTargetDependency */ = {
			isa = PBXTargetDependency;
			target = 62B707B91AAFD4730031A941 /* PeopleCRM */;
			targetProxy = 62B707D41AAFD4730031A941 /* PBXContainerItemProxy */;
		};
/* End PBXTargetDependency section */

/* Begin PBXVariantGroup section */
		62B707C71AAFD4730031A941 /* Main.storyboard */ = {
			isa = PBXVariantGroup;
			children = (
				62B707C81AAFD4730031A941 /* Base */,
			);
			name = Main.storyboard;
			sourceTree = "<group>";
		};
		62B707CC1AAFD4730031A941 /* LaunchScreen.xib */ = {
			isa = PBXVariantGroup;
			children = (
				62B707CD1AAFD4730031A941 /* Base */,
			);
			name = LaunchScreen.xib;
			sourceTree = "<group>";
		};
/* End PBXVariantGroup section */

/* Begin XCBuildConfiguration section */
		62B707DB1AAFD4730031A941 /* Debug */ = {
			isa = XCBuildConfiguration;
			buildSettings = {
				ALWAYS_SEARCH_USER_PATHS = NO;
				CLANG_CXX_LANGUAGE_STANDARD = "gnu++0x";
				CLANG_CXX_LIBRARY = "libc++";
				CLANG_ENABLE_MODULES = YES;
				CLANG_ENABLE_OBJC_ARC = YES;
				CLANG_WARN_BOOL_CONVERSION = YES;
				CLANG_WARN_CONSTANT_CONVERSION = YES;
				CLANG_WARN_DIRECT_OBJC_ISA_USAGE = YES_ERROR;
				CLANG_WARN_EMPTY_BODY = YES;
				CLANG_WARN_ENUM_CONVERSION = YES;
				CLANG_WARN_INT_CONVERSION = YES;
				CLANG_WARN_OBJC_ROOT_CLASS = YES_ERROR;
				CLANG_WARN_UNREACHABLE_CODE = YES;
				CLANG_WARN__DUPLICATE_METHOD_MATCH = YES;
				"CODE_SIGN_IDENTITY[sdk=iphoneos*]" = "iPhone Developer";
				COPY_PHASE_STRIP = NO;
				DEBUG_INFORMATION_FORMAT = dwarf;
				ENABLE_STRICT_OBJC_MSGSEND = YES;
				GCC_C_LANGUAGE_STANDARD = gnu99;
				GCC_DYNAMIC_NO_PIC = NO;
				GCC_OPTIMIZATION_LEVEL = 0;
				GCC_PREPROCESSOR_DEFINITIONS = (
					"DEBUG=1",
					"$(inherited)",
				);
				GCC_SYMBOLS_PRIVATE_EXTERN = NO;
				GCC_WARN_64_TO_32_BIT_CONVERSION = YES;
				GCC_WARN_ABOUT_RETURN_TYPE = YES_ERROR;
				GCC_WARN_UNDECLARED_SELECTOR = YES;
				GCC_WARN_UNINITIALIZED_AUTOS = YES_AGGRESSIVE;
				GCC_WARN_UNUSED_FUNCTION = YES;
				GCC_WARN_UNUSED_VARIABLE = YES;
				IPHONEOS_DEPLOYMENT_TARGET = 8.3;
				MTL_ENABLE_DEBUG_INFO = YES;
				ONLY_ACTIVE_ARCH = YES;
				SDKROOT = iphoneos;
				TARGETED_DEVICE_FAMILY = "1,2";
			};
			name = Debug;
		};
		62B707DC1AAFD4730031A941 /* Release */ = {
			isa = XCBuildConfiguration;
			buildSettings = {
				ALWAYS_SEARCH_USER_PATHS = NO;
				CLANG_CXX_LANGUAGE_STANDARD = "gnu++0x";
				CLANG_CXX_LIBRARY = "libc++";
				CLANG_ENABLE_MODULES = YES;
				CLANG_ENABLE_OBJC_ARC = YES;
				CLANG_WARN_BOOL_CONVERSION = YES;
				CLANG_WARN_CONSTANT_CONVERSION = YES;
				CLANG_WARN_DIRECT_OBJC_ISA_USAGE = YES_ERROR;
				CLANG_WARN_EMPTY_BODY = YES;
				CLANG_WARN_ENUM_CONVERSION = YES;
				CLANG_WARN_INT_CONVERSION = YES;
				CLANG_WARN_OBJC_ROOT_CLASS = YES_ERROR;
				CLANG_WARN_UNREACHABLE_CODE = YES;
				CLANG_WARN__DUPLICATE_METHOD_MATCH = YES;
				"CODE_SIGN_IDENTITY[sdk=iphoneos*]" = "iPhone Developer";
				COPY_PHASE_STRIP = NO;
				DEBUG_INFORMATION_FORMAT = "dwarf-with-dsym";
				ENABLE_NS_ASSERTIONS = NO;
				ENABLE_STRICT_OBJC_MSGSEND = YES;
				GCC_C_LANGUAGE_STANDARD = gnu99;
				GCC_WARN_64_TO_32_BIT_CONVERSION = YES;
				GCC_WARN_ABOUT_RETURN_TYPE = YES_ERROR;
				GCC_WARN_UNDECLARED_SELECTOR = YES;
				GCC_WARN_UNINITIALIZED_AUTOS = YES_AGGRESSIVE;
				GCC_WARN_UNUSED_FUNCTION = YES;
				GCC_WARN_UNUSED_VARIABLE = YES;
				IPHONEOS_DEPLOYMENT_TARGET = 8.3;
				MTL_ENABLE_DEBUG_INFO = NO;
				SDKROOT = iphoneos;
				TARGETED_DEVICE_FAMILY = "1,2";
				VALIDATE_PRODUCT = YES;
			};
			name = Release;
		};
		62B707DE1AAFD4730031A941 /* Debug */ = {
			isa = XCBuildConfiguration;
			baseConfigurationReference = 626DDA291ABBBFDD005371FC /* Pods-PeopleCRM.debug.xcconfig */;
			buildSettings = {
				ASSETCATALOG_COMPILER_APPICON_NAME = AppIcon;
				INFOPLIST_FILE = PeopleCRM/Info.plist;
				LD_RUNPATH_SEARCH_PATHS = "$(inherited) @executable_path/Frameworks";
				PRODUCT_NAME = "$(TARGET_NAME)";
			};
			name = Debug;
		};
		62B707DF1AAFD4730031A941 /* Release */ = {
			isa = XCBuildConfiguration;
			baseConfigurationReference = 626DDA2A1ABBBFDD005371FC /* Pods-PeopleCRM.release.xcconfig */;
			buildSettings = {
				ASSETCATALOG_COMPILER_APPICON_NAME = AppIcon;
				INFOPLIST_FILE = PeopleCRM/Info.plist;
				LD_RUNPATH_SEARCH_PATHS = "$(inherited) @executable_path/Frameworks";
				PRODUCT_NAME = "$(TARGET_NAME)";
			};
			name = Release;
		};
		62B707E11AAFD4730031A941 /* Debug */ = {
			isa = XCBuildConfiguration;
			baseConfigurationReference = 9CECD66D813B5C7B97B33CE2 /* Pods-PeopleCRMTests.debug.xcconfig */;
			buildSettings = {
				BUNDLE_LOADER = "$(TEST_HOST)";
				FRAMEWORK_SEARCH_PATHS = (
					"$(SDKROOT)/Developer/Library/Frameworks",
					"$(inherited)",
				);
				GCC_PREPROCESSOR_DEFINITIONS = (
					"DEBUG=1",
					"$(inherited)",
				);
				INFOPLIST_FILE = PeopleCRMTests/Info.plist;
				LD_RUNPATH_SEARCH_PATHS = "$(inherited) @executable_path/Frameworks @loader_path/Frameworks";
				PRODUCT_NAME = "$(TARGET_NAME)";
				TEST_HOST = "$(BUILT_PRODUCTS_DIR)/PeopleCRM.app/PeopleCRM";
			};
			name = Debug;
		};
		62B707E21AAFD4730031A941 /* Release */ = {
			isa = XCBuildConfiguration;
			baseConfigurationReference = 5CCCF129913E89D21A4B4495 /* Pods-PeopleCRMTests.release.xcconfig */;
			buildSettings = {
				BUNDLE_LOADER = "$(TEST_HOST)";
				FRAMEWORK_SEARCH_PATHS = (
					"$(SDKROOT)/Developer/Library/Frameworks",
					"$(inherited)",
				);
				INFOPLIST_FILE = PeopleCRMTests/Info.plist;
				LD_RUNPATH_SEARCH_PATHS = "$(inherited) @executable_path/Frameworks @loader_path/Frameworks";
				PRODUCT_NAME = "$(TARGET_NAME)";
				TEST_HOST = "$(BUILT_PRODUCTS_DIR)/PeopleCRM.app/PeopleCRM";
			};
			name = Release;
		};
/* End XCBuildConfiguration section */

/* Begin XCConfigurationList section */
		62B707B51AAFD4730031A941 /* Build configuration list for PBXProject "PeopleCRM" */ = {
			isa = XCConfigurationList;
			buildConfigurations = (
				62B707DB1AAFD4730031A941 /* Debug */,
				62B707DC1AAFD4730031A941 /* Release */,
			);
			defaultConfigurationIsVisible = 0;
			defaultConfigurationName = Release;
		};
		62B707DD1AAFD4730031A941 /* Build configuration list for PBXNativeTarget "PeopleCRM" */ = {
			isa = XCConfigurationList;
			buildConfigurations = (
				62B707DE1AAFD4730031A941 /* Debug */,
				62B707DF1AAFD4730031A941 /* Release */,
			);
			defaultConfigurationIsVisible = 0;
			defaultConfigurationName = Release;
		};
		62B707E01AAFD4730031A941 /* Build configuration list for PBXNativeTarget "PeopleCRMTests" */ = {
			isa = XCConfigurationList;
			buildConfigurations = (
				62B707E11AAFD4730031A941 /* Debug */,
				62B707E21AAFD4730031A941 /* Release */,
			);
			defaultConfigurationIsVisible = 0;
			defaultConfigurationName = Release;
		};
/* End XCConfigurationList section */
	};
	rootObject = 62B707B21AAFD4730031A941 /* Project object */;
}
